
Microsoft Visual Studio Solution File, Format Version 12.00
# Visual Studio Version 16
VisualStudioVersion = 16.0.30309.148
MinimumVisualStudioVersion = 10.0.40219.1
Project("{FAE04EC0-301F-11D3-BF4B-00C04F79EFBC}") = "GigHub", "GigHub\GigHub.csproj", "{06D843B3-88EA-48E3-9C2E-E84A4EDC1F21}"
EndProject
Global
	GlobalSection(SolutionConfigurationPlatforms) = preSolution
		Debug|Any CPU = Debug|Any CPU
		Release|Any CPU = Release|Any CPU
	EndGlobalSection
	GlobalSection(ProjectConfigurationPlatforms) = postSolution
		{06D843B3-88EA-48E3-9C2E-E84A4EDC1F21}.Debug|Any CPU.ActiveCfg = Debug|Any CPU
		{06D843B3-88EA-48E3-9C2E-E84A4EDC1F21}.Debug|Any CPU.Build.0 = Debug|Any CPU
		{06D843B3-88EA-48E3-9C2E-E84A4EDC1F21}.Release|Any CPU.ActiveCfg = Release|Any CPU
		{06D843B3-88EA-48E3-9C2E-E84A4EDC1F21}.Release|Any CPU.Build.0 = Release|Any CPU
	EndGlobalSection
	GlobalSection(SolutionProperties) = preSolution
		HideSolutionNode = FALSE
	EndGlobalSection
	GlobalSection(ExtensibilityGlobals) = postSolution
		SolutionGuid = {8A061D26-7A6C-4B86-AA30-C421C99A6143}
	EndGlobalSection
EndGlobal
